
Microsoft Visual Studio Solution File, Format Version 12.00
# Visual Studio Version 17
VisualStudioVersion = 17.11.35222.181
MinimumVisualStudioVersion = 10.0.40219.1
Project("{FAE04EC0-301F-11D3-BF4B-00C04F79EFBC}") = "KoiCare", "KoiCare\KoiCare.csproj", "{8F5268E1-FA2A-4E96-AC97-BE177818A126}"
EndProject
Project("{FAE04EC0-301F-11D3-BF4B-00C04F79EFBC}") = "KoiCare_BusinessObject", "KoiCare_BusinessObject\KoiCare_BusinessObject.csproj", "{E097D7E9-3B43-4CEF-9DAF-766836FE37B7}"
EndProject
Project("{FAE04EC0-301F-11D3-BF4B-00C04F79EFBC}") = "KoiCare_DAOs", "KoiCare_DAOs\KoiCare_DAOs.csproj", "{60815F4D-4319-4974-A271-8C94945AEE84}"
EndProject
Project("{FAE04EC0-301F-11D3-BF4B-00C04F79EFBC}") = "KoiCare_Repositories", "KoiCare_Repositories\KoiCare_Repositories.csproj", "{F3BE7F40-7EEE-47CE-860C-2E5334C9BCB7}"
EndProject
Project("{FAE04EC0-301F-11D3-BF4B-00C04F79EFBC}") = "KoiCare_Services", "KoiCare_Services\KoiCare_Services.csproj", "{7F448AD6-C30D-44CA-8C2D-E6EA7020C7FB}"
EndProject
Global
	GlobalSection(SolutionConfigurationPlatforms) = preSolution
		Debug|Any CPU = Debug|Any CPU
		Release|Any CPU = Release|Any CPU
	EndGlobalSection
	GlobalSection(ProjectConfigurationPlatforms) = postSolution
		{8F5268E1-FA2A-4E96-AC97-BE177818A126}.Debug|Any CPU.ActiveCfg = Debug|Any CPU
		{8F5268E1-FA2A-4E96-AC97-BE177818A126}.Debug|Any CPU.Build.0 = Debug|Any CPU
		{8F5268E1-FA2A-4E96-AC97-BE177818A126}.Release|Any CPU.ActiveCfg = Release|Any CPU
		{8F5268E1-FA2A-4E96-AC97-BE177818A126}.Release|Any CPU.Build.0 = Release|Any CPU
		{E097D7E9-3B43-4CEF-9DAF-766836FE37B7}.Debug|Any CPU.ActiveCfg = Debug|Any CPU
		{E097D7E9-3B43-4CEF-9DAF-766836FE37B7}.Debug|Any CPU.Build.0 = Debug|Any CPU
		{E097D7E9-3B43-4CEF-9DAF-766836FE37B7}.Release|Any CPU.ActiveCfg = Release|Any CPU
		{E097D7E9-3B43-4CEF-9DAF-766836FE37B7}.Release|Any CPU.Build.0 = Release|Any CPU
		{60815F4D-4319-4974-A271-8C94945AEE84}.Debug|Any CPU.ActiveCfg = Debug|Any CPU
		{60815F4D-4319-4974-A271-8C94945AEE84}.Debug|Any CPU.Build.0 = Debug|Any CPU
		{60815F4D-4319-4974-A271-8C94945AEE84}.Release|Any CPU.ActiveCfg = Release|Any CPU
		{60815F4D-4319-4974-A271-8C94945AEE84}.Release|Any CPU.Build.0 = Release|Any CPU
		{F3BE7F40-7EEE-47CE-860C-2E5334C9BCB7}.Debug|Any CPU.ActiveCfg = Debug|Any CPU
		{F3BE7F40-7EEE-47CE-860C-2E5334C9BCB7}.Debug|Any CPU.Build.0 = Debug|Any CPU
		{F3BE7F40-7EEE-47CE-860C-2E5334C9BCB7}.Release|Any CPU.ActiveCfg = Release|Any CPU
		{F3BE7F40-7EEE-47CE-860C-2E5334C9BCB7}.Release|Any CPU.Build.0 = Release|Any CPU
		{7F448AD6-C30D-44CA-8C2D-E6EA7020C7FB}.Debug|Any CPU.ActiveCfg = Debug|Any CPU
		{7F448AD6-C30D-44CA-8C2D-E6EA7020C7FB}.Debug|Any CPU.Build.0 = Debug|Any CPU
		{7F448AD6-C30D-44CA-8C2D-E6EA7020C7FB}.Release|Any CPU.ActiveCfg = Release|Any CPU
		{7F448AD6-C30D-44CA-8C2D-E6EA7020C7FB}.Release|Any CPU.Build.0 = Release|Any CPU
	EndGlobalSection
	GlobalSection(SolutionProperties) = preSolution
		HideSolutionNode = FALSE
	EndGlobalSection
	GlobalSection(ExtensibilityGlobals) = postSolution
		SolutionGuid = {A4789B97-3F9F-4808-9B57-46803C5C0A19}
	EndGlobalSection
EndGlobal
